
Microsoft Visual Studio Solution File, Format Version 12.00
# Visual Studio 15
VisualStudioVersion = 15.0.27130.2010
MinimumVisualStudioVersion = 10.0.40219.1
Project("{FAE04EC0-301F-11D3-BF4B-00C04F79EFBC}") = "DemandManagementSystem", "DemandManagementSystem\DemandManagementSystem.csproj", "{187AC1DB-55D7-446E-8291-79103E8DC966}"
EndProject
Project("{FAE04EC0-301F-11D3-BF4B-00C04F79EFBC}") = "BLL", "BLL\BLL.csproj", "{91618884-7556-44BD-B3EA-4DEDE8086910}"
EndProject
Project("{FAE04EC0-301F-11D3-BF4B-00C04F79EFBC}") = "DAL", "DAL\DAL.csproj", "{0309D13A-DA26-434C-A2E8-28868FC02837}"
EndProject
Project("{FAE04EC0-301F-11D3-BF4B-00C04F79EFBC}") = "Models", "Models\Models.csproj", "{ECCDA256-64A5-4D11-AD63-93EC21AFB932}"
EndProject
Global
	GlobalSection(SolutionConfigurationPlatforms) = preSolution
		Debug|Any CPU = Debug|Any CPU
		Release|Any CPU = Release|Any CPU
	EndGlobalSection
	GlobalSection(ProjectConfigurationPlatforms) = postSolution
		{187AC1DB-55D7-446E-8291-79103E8DC966}.Debug|Any CPU.ActiveCfg = Debug|Any CPU
		{187AC1DB-55D7-446E-8291-79103E8DC966}.Debug|Any CPU.Build.0 = Debug|Any CPU
		{187AC1DB-55D7-446E-8291-79103E8DC966}.Release|Any CPU.ActiveCfg = Release|Any CPU
		{187AC1DB-55D7-446E-8291-79103E8DC966}.Release|Any CPU.Build.0 = Release|Any CPU
		{91618884-7556-44BD-B3EA-4DEDE8086910}.Debug|Any CPU.ActiveCfg = Debug|Any CPU
		{91618884-7556-44BD-B3EA-4DEDE8086910}.Debug|Any CPU.Build.0 = Debug|Any CPU
		{91618884-7556-44BD-B3EA-4DEDE8086910}.Release|Any CPU.ActiveCfg = Release|Any CPU
		{91618884-7556-44BD-B3EA-4DEDE8086910}.Release|Any CPU.Build.0 = Release|Any CPU
		{0309D13A-DA26-434C-A2E8-28868FC02837}.Debug|Any CPU.ActiveCfg = Debug|Any CPU
		{0309D13A-DA26-434C-A2E8-28868FC02837}.Debug|Any CPU.Build.0 = Debug|Any CPU
		{0309D13A-DA26-434C-A2E8-28868FC02837}.Release|Any CPU.ActiveCfg = Release|Any CPU
		{0309D13A-DA26-434C-A2E8-28868FC02837}.Release|Any CPU.Build.0 = Release|Any CPU
		{ECCDA256-64A5-4D11-AD63-93EC21AFB932}.Debug|Any CPU.ActiveCfg = Debug|Any CPU
		{ECCDA256-64A5-4D11-AD63-93EC21AFB932}.Debug|Any CPU.Build.0 = Debug|Any CPU
		{ECCDA256-64A5-4D11-AD63-93EC21AFB932}.Release|Any CPU.ActiveCfg = Release|Any CPU
		{ECCDA256-64A5-4D11-AD63-93EC21AFB932}.Release|Any CPU.Build.0 = Release|Any CPU
	EndGlobalSection
	GlobalSection(SolutionProperties) = preSolution
		HideSolutionNode = FALSE
	EndGlobalSection
	GlobalSection(ExtensibilityGlobals) = postSolution
		SolutionGuid = {54987916-8B40-4A10-A7AE-5B558FB1A420}
	EndGlobalSection
EndGlobal
